schema: '2.0'
stages:
  load:
    cmd: PYTHONPATH="." python3 src/load.py
    deps:
    - path: src/load.py
      md5: a4f79b82458c6ec571686c88bc1c5cc8
      size: 1755
    params:
      params.yaml:
        data.remote.s3_bucket: data
        data.remote.s3_endpoint_url: https://storage.s3.mlops.wogra.com
        data.remote.s3_path: dlr/Tapelegedaten2023.zip
    outs:
    - path: data/load.dir
      md5: 5766a5f3e24b300fe9bbc10ef1325ee8.dir
      size: 27040487
      nfiles: 10
  prepare:
    cmd: PYTHONPATH="." python src/prepare.py
    deps:
    - path: data/load.dir
      md5: 5766a5f3e24b300fe9bbc10ef1325ee8.dir
      size: 27040487
      nfiles: 10
    - path: src/prepare.py
      md5: f1bda56fc9db37162b9ef1627ce66076
      size: 1157
    outs:
    - path: data/prepare.dir
      md5: ec202076507657588ca0f04402bac739.dir
      size: 2199979
      nfiles: 7
  train:
    cmd: PYTHONPATH="." python src/train.py
    deps:
    - path: data/prepare.dir
      md5: ec202076507657588ca0f04402bac739.dir
      size: 2199979
      nfiles: 7
    - path: src/train.py
      md5: 99282aed1e0d8e449e39815cc6e6424f
      size: 4374
    params:
      params.yaml:
        model.batch_size: 256
        model.checkpoint: google/vit-base-patch16-224-in21k
        model.eval-test-size: 0.2
        model.gradient_accumulation_steps: 4
        model.learning_rate: 5e-05
        model.loading_steps: 10
        model.logging_steps: 10
        model.num_train_epochs: 10
        model.seed: 42
        model.test-size: 0.5
        model.warmup_ratio: 0.1
    outs:
    - path: data/train.dir
      md5: b80702d20b91a1931d2f9e5dce852010.dir
      size: 345479332
      nfiles: 15
  evaluate:
    cmd: PYTHONPATH="." python src/eval.py
    deps:
    - path: data/train.dir
      md5: b80702d20b91a1931d2f9e5dce852010.dir
      size: 345479332
      nfiles: 15
    - path: src/eval.py
      md5: c9229632e945733aa084139ef4b0c9eb
      size: 1269
    params:
      params.yaml:
        model.scaling: 10
    outs:
    - path: data/evaluate.dir
      md5: 1f3f17cfa5b2fc1d04294578a7d825b7.dir
      size: 0
      nfiles: 1
    - path: data/metrics.json
      md5: 23b5b584f95d48cc00e0f3d5bc2646a0
      size: 99
    - path: data/plots.json
      md5: 9a6d4339c802acc92e57834484c5f2cc
      size: 1046
