schema: '2.0'
stages:
  load:
    cmd: PYTHONPATH="." python3 src/load.py
    deps:
    - path: src/load.py
      md5: 3c3d38c3c44a3c1b6acd842b2ca25a6b
      size: 1773
    params:
      params.yaml:
        data.remote.s3_bucket: data
        data.remote.s3_endpoint_url: https://storage.s3.mlops.wogra.com
        data.remote.s3_path: dlr/Tapelegedaten2023.zip
        data.seed: 42
        data.select: 1000
    outs:
    - path: data/load.dir
      md5: 2bba1dd2f8853f682a0ddb204e7f81cb.dir
      size: 27482981
      nfiles: 10
  prepare:
    cmd: PYTHONPATH="." python src/prepare.py
    deps:
    - path: data/load.dir
      md5: 2bba1dd2f8853f682a0ddb204e7f81cb.dir
      size: 27482981
      nfiles: 10
    - path: src/prepare.py
      md5: f1bda56fc9db37162b9ef1627ce66076
      size: 1157
    outs:
    - path: data/prepare.dir
      md5: 2e7ad93cc0d784ee8567b82bc2e241e4.dir
      size: 2199979
      nfiles: 7
  train:
    cmd: PYTHONPATH="." python src/train.py
    deps:
    - path: data/prepare.dir
      md5: 2e7ad93cc0d784ee8567b82bc2e241e4.dir
      size: 2199979
      nfiles: 7
    - path: src/train.py
      md5: f1c62bec554edc216c568ec50e4c6472
      size: 4740
    params:
      params.yaml:
        model.batch_size: 256
        model.checkpoint: google/vit-base-patch16-224-in21k
        model.eval-test-size: 0.2
        model.gradient_accumulation_steps: 4
        model.learning_rate: 5e-05
        model.loading_steps: 10
        model.logging_steps: 10
        model.num_train_epochs: 10
        model.seed: 42
        model.test-size: 0.5
        model.warmup_ratio: 0.1
    outs:
    - path: data/train.dir
      md5: c7052f4e7c14d655e570ba9aac4f1362.dir
      size: 4693
      nfiles: 2
  evaluate:
    cmd: PYTHONPATH="." python src/eval.py
    deps:
    - path: data/train.dir
      md5: c7052f4e7c14d655e570ba9aac4f1362.dir
      size: 4693
      nfiles: 2
    - path: src/eval.py
      md5: c93948d40edafb8078d5c1b73da892a7
      size: 1090
    outs:
    - path: metrics.json
      md5: 11098f6d2ad8e7be23bd41671be4138a
      size: 80
    - path: plots.json
      md5: 7ae15af8d8c93f8b622f5607616f402c
      size: 932
